
Microsoft Visual Studio Solution File, Format Version 12.00
# Visual Studio Version 16
VisualStudioVersion = 16.0.31729.503
MinimumVisualStudioVersion = 10.0.40219.1
Project("{FAE04EC0-301F-11D3-BF4B-00C04F79EFBC}") = "ProyectoANF", "ProyectoANF\ProyectoANF.csproj", "{94785C1D-E7A0-4938-9D7F-97D86BF586D9}"
EndProject
Global
	GlobalSection(SolutionConfigurationPlatforms) = preSolution
		Debug|Any CPU = Debug|Any CPU
		Release|Any CPU = Release|Any CPU
	EndGlobalSection
	GlobalSection(ProjectConfigurationPlatforms) = postSolution
		{94785C1D-E7A0-4938-9D7F-97D86BF586D9}.Debug|Any CPU.ActiveCfg = Debug|Any CPU
		{94785C1D-E7A0-4938-9D7F-97D86BF586D9}.Debug|Any CPU.Build.0 = Debug|Any CPU
		{94785C1D-E7A0-4938-9D7F-97D86BF586D9}.Release|Any CPU.ActiveCfg = Release|Any CPU
		{94785C1D-E7A0-4938-9D7F-97D86BF586D9}.Release|Any CPU.Build.0 = Release|Any CPU
	EndGlobalSection
	GlobalSection(SolutionProperties) = preSolution
		HideSolutionNode = FALSE
	EndGlobalSection
	GlobalSection(ExtensibilityGlobals) = postSolution
		SolutionGuid = {4409169A-F7AE-4891-B092-F11740A9236B}
	EndGlobalSection
EndGlobal
